{
  "name": "easy-resume",
  "lockfileVersion": 3,
  "requires": true,
  "packages": {
    "": {
      "dependencies": {
        "@qiun/uni-ucharts": "^2.5.0-20230101"
      }
    },
    "node_modules/@qiun/uni-ucharts": {
      "version": "2.5.0-20230101",
      "resolved": "https://registry.npmmirror.com/@qiun/uni-ucharts/-/uni-ucharts-2.5.0-20230101.tgz",
      "integrity": "sha512-qpgzAUgrShgKNn0uMoN54n6/MkFeQQpK2gur0Fzokn8oTIMCVjTfnt8C2UhD20pPlm6MFxwkWF+bsJ3qd4QMvg=="
    }
  }
}
